
Microsoft Visual Studio Solution File, Format Version 12.00
# Visual Studio Version 17
VisualStudioVersion = 17.10.34928.147
MinimumVisualStudioVersion = 10.0.40219.1
Project("{FAE04EC0-301F-11D3-BF4B-00C04F79EFBC}") = "AppSharedMemory", "AppSharedMemory\AppSharedMemory.csproj", "{32E1857A-5273-4488-B4A9-8C1B6B87565B}"
	ProjectSection(ProjectDependencies) = postProject
		{0087D9A3-3843-47B2-9499-9B5E765F4DC5} = {0087D9A3-3843-47B2-9499-9B5E765F4DC5}
	EndProjectSection
EndProject
Project("{FAE04EC0-301F-11D3-BF4B-00C04F79EFBC}") = "MetierSharedMemory", "MetierSharedMemory\MetierSharedMemory.csproj", "{0087D9A3-3843-47B2-9499-9B5E765F4DC5}"
EndProject
Global
	GlobalSection(SolutionConfigurationPlatforms) = preSolution
		Debug|Any CPU = Debug|Any CPU
		Release|Any CPU = Release|Any CPU
	EndGlobalSection
	GlobalSection(ProjectConfigurationPlatforms) = postSolution
		{32E1857A-5273-4488-B4A9-8C1B6B87565B}.Debug|Any CPU.ActiveCfg = Debug|Any CPU
		{32E1857A-5273-4488-B4A9-8C1B6B87565B}.Debug|Any CPU.Build.0 = Debug|Any CPU
		{32E1857A-5273-4488-B4A9-8C1B6B87565B}.Release|Any CPU.ActiveCfg = Release|Any CPU
		{32E1857A-5273-4488-B4A9-8C1B6B87565B}.Release|Any CPU.Build.0 = Release|Any CPU
		{0087D9A3-3843-47B2-9499-9B5E765F4DC5}.Debug|Any CPU.ActiveCfg = Debug|Any CPU
		{0087D9A3-3843-47B2-9499-9B5E765F4DC5}.Debug|Any CPU.Build.0 = Debug|Any CPU
		{0087D9A3-3843-47B2-9499-9B5E765F4DC5}.Release|Any CPU.ActiveCfg = Release|Any CPU
		{0087D9A3-3843-47B2-9499-9B5E765F4DC5}.Release|Any CPU.Build.0 = Release|Any CPU
	EndGlobalSection
	GlobalSection(SolutionProperties) = preSolution
		HideSolutionNode = FALSE
	EndGlobalSection
	GlobalSection(ExtensibilityGlobals) = postSolution
		SolutionGuid = {59456EBC-C587-4E84-92D0-0C9D03901DEF}
	EndGlobalSection
EndGlobal
